{
  "name": "src",
  "lockfileVersion": 3,
  "requires": true,
  "packages": {
    "": {
      "devDependencies": {
        "npa": "^0.1.1"
      }
    },
    "node_modules/npa": {
      "version": "0.1.1",
      "resolved": "https://registry.npmjs.org/npa/-/npa-0.1.1.tgz",
      "integrity": "sha512-0Hi2+mYiZNogvON89hcfWGmBrhqjTSu/1vjCDXLd3EBUfLcaWGj6/7W0Bqd+7ZJmPcbCs9uzf2+LLT8GwX+0Uw==",
      "dev": true
    }
  }
}
